
Microsoft Visual Studio Solution File, Format Version 12.00
# Visual Studio Version 17
VisualStudioVersion = 17.14.36429.23 d17.14
MinimumVisualStudioVersion = 10.0.40219.1
Project("{FAE04EC0-301F-11D3-BF4B-00C04F79EFBC}") = "FerreteriaAPI", "FerreteriaAPI\FerreteriaAPI.csproj", "{E6550E97-2D46-4D5F-A063-1504832179AB}"
EndProject
Global
	GlobalSection(SolutionConfigurationPlatforms) = preSolution
		Debug|Any CPU = Debug|Any CPU
		Release|Any CPU = Release|Any CPU
	EndGlobalSection
	GlobalSection(ProjectConfigurationPlatforms) = postSolution
		{E6550E97-2D46-4D5F-A063-1504832179AB}.Debug|Any CPU.ActiveCfg = Debug|Any CPU
		{E6550E97-2D46-4D5F-A063-1504832179AB}.Debug|Any CPU.Build.0 = Debug|Any CPU
		{E6550E97-2D46-4D5F-A063-1504832179AB}.Release|Any CPU.ActiveCfg = Release|Any CPU
		{E6550E97-2D46-4D5F-A063-1504832179AB}.Release|Any CPU.Build.0 = Release|Any CPU
	EndGlobalSection
	GlobalSection(SolutionProperties) = preSolution
		HideSolutionNode = FALSE
	EndGlobalSection
	GlobalSection(ExtensibilityGlobals) = postSolution
		SolutionGuid = {5AACCA94-CD1D-49A5-99FE-9544A10F6482}
	EndGlobalSection
EndGlobal
